// !$*UTF8*$!
{
	archiveVersion = 1;
	classes = {
	};
	objectVersion = 46;
	objects = {

/* Begin PBXBuildFile section */
		74FF30751F5639C800195F71 /* AppDelegate.swift in Sources */ = {isa = PBXBuildFile; fileRef = 74FF30741F5639C800195F71 /* AppDelegate.swift */; };
		74FF30771F5639C800195F71 /* ViewController.swift in Sources */ = {isa = PBXBuildFile; fileRef = 74FF30761F5639C800195F71 /* ViewController.swift */; };
		74FF307A1F5639C800195F71 /* Main.storyboard in Resources */ = {isa = PBXBuildFile; fileRef = 74FF30781F5639C800195F71 /* Main.storyboard */; };
		74FF307C1F5639C800195F71 /* Assets.xcassets in Resources */ = {isa = PBXBuildFile; fileRef = 74FF307B1F5639C800195F71 /* Assets.xcassets */; };
		74FF307F1F5639C800195F71 /* LaunchScreen.storyboard in Resources */ = {isa = PBXBuildFile; fileRef = 74FF307D1F5639C800195F71 /* LaunchScreen.storyboard */; };
		74FF308A1F5639C800195F71 /* LinioTests.swift in Sources */ = {isa = PBXBuildFile; fileRef = 74FF30891F5639C800195F71 /* LinioTests.swift */; };
		74FF30951F5639C800195F71 /* LinioUITests.swift in Sources */ = {isa = PBXBuildFile; fileRef = 74FF30941F5639C800195F71 /* LinioUITests.swift */; };
		74FF30A61F563CC700195F71 /* Collection.swift in Sources */ = {isa = PBXBuildFile; fileRef = 74FF30A51F563CC700195F71 /* Collection.swift */; };
		74FF30A81F563CD700195F71 /* Product.swift in Sources */ = {isa = PBXBuildFile; fileRef = 74FF30A71F563CD700195F71 /* Product.swift */; };
		74FF30AA1F577C9A00195F71 /* Person.swift in Sources */ = {isa = PBXBuildFile; fileRef = 74FF30A91F577C9A00195F71 /* Person.swift */; };
		74FF30AC1F577CCA00195F71 /* ViewModel.swift in Sources */ = {isa = PBXBuildFile; fileRef = 74FF30AB1F577CCA00195F71 /* ViewModel.swift */; };
		74FF30AE1F577D4B00195F71 /* ProductViewModel.swift in Sources */ = {isa = PBXBuildFile; fileRef = 74FF30AD1F577D4B00195F71 /* ProductViewModel.swift */; };
		74FF30B11F57808300195F71 /* CollectionViewModel.swift in Sources */ = {isa = PBXBuildFile; fileRef = 74FF30B01F57808300195F71 /* CollectionViewModel.swift */; };
		74FF30B31F58C15D00195F71 /* PersonViewModel.swift in Sources */ = {isa = PBXBuildFile; fileRef = 74FF30B21F58C15D00195F71 /* PersonViewModel.swift */; };
/* End PBXBuildFile section */

/* Begin PBXContainerItemProxy section */
		74FF30861F5639C800195F71 /* PBXContainerItemProxy */ = {
			isa = PBXContainerItemProxy;
			containerPortal = 74FF30691F5639C800195F71 /* Project object */;
			proxyType = 1;
			remoteGlobalIDString = 74FF30701F5639C800195F71;
			remoteInfo = Linio;
		};
		74FF30911F5639C800195F71 /* PBXContainerItemProxy */ = {
			isa = PBXContainerItemProxy;
			containerPortal = 74FF30691F5639C800195F71 /* Project object */;
			proxyType = 1;
			remoteGlobalIDString = 74FF30701F5639C800195F71;
			remoteInfo = Linio;
		};
/* End PBXContainerItemProxy section */

/* Begin PBXFileReference section */
		74FF30711F5639C800195F71 /* Linio.app */ = {isa = PBXFileReference; explicitFileType = wrapper.application; includeInIndex = 0; path = Linio.app; sourceTree = BUILT_PRODUCTS_DIR; };
		74FF30741F5639C800195F71 /* AppDelegate.swift */ = {isa = PBXFileReference; lastKnownFileType = sourcecode.swift; path = AppDelegate.swift; sourceTree = "<group>"; };
		74FF30761F5639C800195F71 /* ViewController.swift */ = {isa = PBXFileReference; lastKnownFileType = sourcecode.swift; path = ViewController.swift; sourceTree = "<group>"; };
		74FF30791F5639C800195F71 /* Base */ = {isa = PBXFileReference; lastKnownFileType = file.storyboard; name = Base; path = Base.lproj/Main.storyboard; sourceTree = "<group>"; };
		74FF307B1F5639C800195F71 /* Assets.xcassets */ = {isa = PBXFileReference; lastKnownFileType = folder.assetcatalog; path = Assets.xcassets; sourceTree = "<group>"; };
		74FF307E1F5639C800195F71 /* Base */ = {isa = PBXFileReference; lastKnownFileType = file.storyboard; name = Base; path = Base.lproj/LaunchScreen.storyboard; sourceTree = "<group>"; };
		74FF30801F5639C800195F71 /* Info.plist */ = {isa = PBXFileReference; lastKnownFileType = text.plist.xml; path = Info.plist; sourceTree = "<group>"; };
		74FF30851F5639C800195F71 /* LinioTests.xctest */ = {isa = PBXFileReference; explicitFileType = wrapper.cfbundle; includeInIndex = 0; path = LinioTests.xctest; sourceTree = BUILT_PRODUCTS_DIR; };
		74FF30891F5639C800195F71 /* LinioTests.swift */ = {isa = PBXFileReference; lastKnownFileType = sourcecode.swift; path = LinioTests.swift; sourceTree = "<group>"; };
		74FF308B1F5639C800195F71 /* Info.plist */ = {isa = PBXFileReference; lastKnownFileType = text.plist.xml; path = Info.plist; sourceTree = "<group>"; };
		74FF30901F5639C800195F71 /* LinioUITests.xctest */ = {isa = PBXFileReference; explicitFileType = wrapper.cfbundle; includeInIndex = 0; path = LinioUITests.xctest; sourceTree = BUILT_PRODUCTS_DIR; };
		74FF30941F5639C800195F71 /* LinioUITests.swift */ = {isa = PBXFileReference; lastKnownFileType = sourcecode.swift; path = LinioUITests.swift; sourceTree = "<group>"; };
		74FF30961F5639C800195F71 /* Info.plist */ = {isa = PBXFileReference; lastKnownFileType = text.plist.xml; path = Info.plist; sourceTree = "<group>"; };
		74FF30A51F563CC700195F71 /* Collection.swift */ = {isa = PBXFileReference; fileEncoding = 4; lastKnownFileType = sourcecode.swift; path = Collection.swift; sourceTree = "<group>"; };
		74FF30A71F563CD700195F71 /* Product.swift */ = {isa = PBXFileReference; fileEncoding = 4; lastKnownFileType = sourcecode.swift; path = Product.swift; sourceTree = "<group>"; };
		74FF30A91F577C9A00195F71 /* Person.swift */ = {isa = PBXFileReference; fileEncoding = 4; lastKnownFileType = sourcecode.swift; path = Person.swift; sourceTree = "<group>"; };
		74FF30AB1F577CCA00195F71 /* ViewModel.swift */ = {isa = PBXFileReference; fileEncoding = 4; lastKnownFileType = sourcecode.swift; path = ViewModel.swift; sourceTree = "<group>"; };
		74FF30AD1F577D4B00195F71 /* ProductViewModel.swift */ = {isa = PBXFileReference; fileEncoding = 4; lastKnownFileType = sourcecode.swift; path = ProductViewModel.swift; sourceTree = "<group>"; };
		74FF30B01F57808300195F71 /* CollectionViewModel.swift */ = {isa = PBXFileReference; fileEncoding = 4; lastKnownFileType = sourcecode.swift; path = CollectionViewModel.swift; sourceTree = "<group>"; };
		74FF30B21F58C15D00195F71 /* PersonViewModel.swift */ = {isa = PBXFileReference; fileEncoding = 4; lastKnownFileType = sourcecode.swift; path = PersonViewModel.swift; sourceTree = "<group>"; };
/* End PBXFileReference section */

/* Begin PBXFrameworksBuildPhase section */
		74FF306E1F5639C800195F71 /* Frameworks */ = {
			isa = PBXFrameworksBuildPhase;
			buildActionMask = 2147483647;
			files = (
			);
			runOnlyForDeploymentPostprocessing = 0;
		};
		74FF30821F5639C800195F71 /* Frameworks */ = {
			isa = PBXFrameworksBuildPhase;
			buildActionMask = 2147483647;
			files = (
			);
			runOnlyForDeploymentPostprocessing = 0;
		};
		74FF308D1F5639C800195F71 /* Frameworks */ = {
			isa = PBXFrameworksBuildPhase;
			buildActionMask = 2147483647;
			files = (
			);
			runOnlyForDeploymentPostprocessing = 0;
		};
/* End PBXFrameworksBuildPhase section */

/* Begin PBXGroup section */
		74FF30681F5639C800195F71 = {
			isa = PBXGroup;
			children = (
				74FF30731F5639C800195F71 /* Linio */,
				74FF30881F5639C800195F71 /* LinioTests */,
				74FF30931F5639C800195F71 /* LinioUITests */,
				74FF30721F5639C800195F71 /* Products */,
			);
			sourceTree = "<group>";
		};
		74FF30721F5639C800195F71 /* Products */ = {
			isa = PBXGroup;
			children = (
				74FF30711F5639C800195F71 /* Linio.app */,
				74FF30851F5639C800195F71 /* LinioTests.xctest */,
				74FF30901F5639C800195F71 /* LinioUITests.xctest */,
			);
			name = Products;
			sourceTree = "<group>";
		};
		74FF30731F5639C800195F71 /* Linio */ = {
			isa = PBXGroup;
			children = (
				74FF30AF1F577D5A00195F71 /* ViewModels */,
				74FF30A41F563C7F00195F71 /* Cells */,
				74FF30A21F563C5100195F71 /* Models */,
				74FF30741F5639C800195F71 /* AppDelegate.swift */,
				74FF30761F5639C800195F71 /* ViewController.swift */,
				74FF30781F5639C800195F71 /* Main.storyboard */,
				74FF307B1F5639C800195F71 /* Assets.xcassets */,
				74FF307D1F5639C800195F71 /* LaunchScreen.storyboard */,
				74FF30801F5639C800195F71 /* Info.plist */,
			);
			path = Linio;
			sourceTree = "<group>";
		};
		74FF30881F5639C800195F71 /* LinioTests */ = {
			isa = PBXGroup;
			children = (
				74FF30891F5639C800195F71 /* LinioTests.swift */,
				74FF308B1F5639C800195F71 /* Info.plist */,
			);
			path = LinioTests;
			sourceTree = "<group>";
		};
		74FF30931F5639C800195F71 /* LinioUITests */ = {
			isa = PBXGroup;
			children = (
				74FF30941F5639C800195F71 /* LinioUITests.swift */,
				74FF30961F5639C800195F71 /* Info.plist */,
			);
			path = LinioUITests;
			sourceTree = "<group>";
		};
		74FF30A21F563C5100195F71 /* Models */ = {
			isa = PBXGroup;
			children = (
				74FF30A51F563CC700195F71 /* Collection.swift */,
				74FF30A71F563CD700195F71 /* Product.swift */,
				74FF30A91F577C9A00195F71 /* Person.swift */,
			);
			name = Models;
			sourceTree = "<group>";
		};
		74FF30A41F563C7F00195F71 /* Cells */ = {
			isa = PBXGroup;
			children = (
			);
			name = Cells;
			sourceTree = "<group>";
		};
		74FF30AF1F577D5A00195F71 /* ViewModels */ = {
			isa = PBXGroup;
			children = (
				74FF30AB1F577CCA00195F71 /* ViewModel.swift */,
				74FF30AD1F577D4B00195F71 /* ProductViewModel.swift */,
				74FF30B01F57808300195F71 /* CollectionViewModel.swift */,
				74FF30B21F58C15D00195F71 /* PersonViewModel.swift */,
			);
			name = ViewModels;
			sourceTree = "<group>";
		};
/* End PBXGroup section */

/* Begin PBXNativeTarget section */
		74FF30701F5639C800195F71 /* Linio */ = {
			isa = PBXNativeTarget;
			buildConfigurationList = 74FF30991F5639C800195F71 /* Build configuration list for PBXNativeTarget "Linio" */;
			buildPhases = (
				74FF306D1F5639C800195F71 /* Sources */,
				74FF306E1F5639C800195F71 /* Frameworks */,
				74FF306F1F5639C800195F71 /* Resources */,
			);
			buildRules = (
			);
			dependencies = (
			);
			name = Linio;
			productName = Linio;
			productReference = 74FF30711F5639C800195F71 /* Linio.app */;
			productType = "com.apple.product-type.application";
		};
		74FF30841F5639C800195F71 /* LinioTests */ = {
			isa = PBXNativeTarget;
			buildConfigurationList = 74FF309C1F5639C800195F71 /* Build configuration list for PBXNativeTarget "LinioTests" */;
			buildPhases = (
				74FF30811F5639C800195F71 /* Sources */,
				74FF30821F5639C800195F71 /* Frameworks */,
				74FF30831F5639C800195F71 /* Resources */,
			);
			buildRules = (
			);
			dependencies = (
				74FF30871F5639C800195F71 /* PBXTargetDependency */,
			);
			name = LinioTests;
			productName = LinioTests;
			productReference = 74FF30851F5639C800195F71 /* LinioTests.xctest */;
			productType = "com.apple.product-type.bundle.unit-test";
		};
		74FF308F1F5639C800195F71 /* LinioUITests */ = {
			isa = PBXNativeTarget;
			buildConfigurationList = 74FF309F1F5639C800195F71 /* Build configuration list for PBXNativeTarget "LinioUITests" */;
			buildPhases = (
				74FF308C1F5639C800195F71 /* Sources */,
				74FF308D1F5639C800195F71 /* Frameworks */,
				74FF308E1F5639C800195F71 /* Resources */,
			);
			buildRules = (
			);
			dependencies = (
				74FF30921F5639C800195F71 /* PBXTargetDependency */,
			);
			name = LinioUITests;
			productName = LinioUITests;
			productReference = 74FF30901F5639C800195F71 /* LinioUITests.xctest */;
			productType = "com.apple.product-type.bundle.ui-testing";
		};
/* End PBXNativeTarget section */

/* Begin PBXProject section */
		74FF30691F5639C800195F71 /* Project object */ = {
			isa = PBXProject;
			attributes = {
				LastSwiftUpdateCheck = 0830;
				LastUpgradeCheck = 0830;
				ORGANIZATIONNAME = "Jonathan Velazquez";
				TargetAttributes = {
					74FF30701F5639C800195F71 = {
						CreatedOnToolsVersion = 8.3.2;
						DevelopmentTeam = F3VV4SD4LV;
						ProvisioningStyle = Automatic;
					};
					74FF30841F5639C800195F71 = {
						CreatedOnToolsVersion = 8.3.2;
						DevelopmentTeam = F3VV4SD4LV;
						ProvisioningStyle = Automatic;
						TestTargetID = 74FF30701F5639C800195F71;
					};
					74FF308F1F5639C800195F71 = {
						CreatedOnToolsVersion = 8.3.2;
						DevelopmentTeam = F3VV4SD4LV;
						ProvisioningStyle = Automatic;
						TestTargetID = 74FF30701F5639C800195F71;
					};
				};
			};
			buildConfigurationList = 74FF306C1F5639C800195F71 /* Build configuration list for PBXProject "Linio" */;
			compatibilityVersion = "Xcode 3.2";
			developmentRegion = English;
			hasScannedForEncodings = 0;
			knownRegions = (
				en,
				Base,
			);
			mainGroup = 74FF30681F5639C800195F71;
			productRefGroup = 74FF30721F5639C800195F71 /* Products */;
			projectDirPath = "";
			projectRoot = "";
			targets = (
				74FF30701F5639C800195F71 /* Linio */,
				74FF30841F5639C800195F71 /* LinioTests */,
				74FF308F1F5639C800195F71 /* LinioUITests */,
			);
		};
/* End PBXProject section */

/* Begin PBXResourcesBuildPhase section */
		74FF306F1F5639C800195F71 /* Resources */ = {
			isa = PBXResourcesBuildPhase;
			buildActionMask = 2147483647;
			files = (
				74FF307F1F5639C800195F71 /* LaunchScreen.storyboard in Resources */,
				74FF307C1F5639C800195F71 /* Assets.xcassets in Resources */,
				74FF307A1F5639C800195F71 /* Main.storyboard in Resources */,
			);
			runOnlyForDeploymentPostprocessing = 0;
		};
		74FF30831F5639C800195F71 /* Resources */ = {
			isa = PBXResourcesBuildPhase;
			buildActionMask = 2147483647;
			files = (
			);
			runOnlyForDeploymentPostprocessing = 0;
		};
		74FF308E1F5639C800195F71 /* Resources */ = {
			isa = PBXResourcesBuildPhase;
			buildActionMask = 2147483647;
			files = (
			);
			runOnlyForDeploymentPostprocessing = 0;
		};
/* End PBXResourcesBuildPhase section */

/* Begin PBXSourcesBuildPhase section */
		74FF306D1F5639C800195F71 /* Sources */ = {
			isa = PBXSourcesBuildPhase;
			buildActionMask = 2147483647;
			files = (
				74FF30AE1F577D4B00195F71 /* ProductViewModel.swift in Sources */,
				74FF30AA1F577C9A00195F71 /* Person.swift in Sources */,
				74FF30A61F563CC700195F71 /* Collection.swift in Sources */,
				74FF30B31F58C15D00195F71 /* PersonViewModel.swift in Sources */,
				74FF30A81F563CD700195F71 /* Product.swift in Sources */,
				74FF30B11F57808300195F71 /* CollectionViewModel.swift in Sources */,
				74FF30771F5639C800195F71 /* ViewController.swift in Sources */,
				74FF30AC1F577CCA00195F71 /* ViewModel.swift in Sources */,
				74FF30751F5639C800195F71 /* AppDelegate.swift in Sources */,
			);
			runOnlyForDeploymentPostprocessing = 0;
		};
		74FF30811F5639C800195F71 /* Sources */ = {
			isa = PBXSourcesBuildPhase;
			buildActionMask = 2147483647;
			files = (
				74FF308A1F5639C800195F71 /* LinioTests.swift in Sources */,
			);
			runOnlyForDeploymentPostprocessing = 0;
		};
		74FF308C1F5639C800195F71 /* Sources */ = {
			isa = PBXSourcesBuildPhase;
			buildActionMask = 2147483647;
			files = (
				74FF30951F5639C800195F71 /* LinioUITests.swift in Sources */,
			);
			runOnlyForDeploymentPostprocessing = 0;
		};
/* End PBXSourcesBuildPhase section */

/* Begin PBXTargetDependency section */
		74FF30871F5639C800195F71 /* PBXTargetDependency */ = {
			isa = PBXTargetDependency;
			target = 74FF30701F5639C800195F71 /* Linio */;
			targetProxy = 74FF30861F5639C800195F71 /* PBXContainerItemProxy */;
		};
		74FF30921F5639C800195F71 /* PBXTargetDependency */ = {
			isa = PBXTargetDependency;
			target = 74FF30701F5639C800195F71 /* Linio */;
			targetProxy = 74FF30911F5639C800195F71 /* PBXContainerItemProxy */;
		};
/* End PBXTargetDependency section */

/* Begin PBXVariantGroup section */
		74FF30781F5639C800195F71 /* Main.storyboard */ = {
			isa = PBXVariantGroup;
			children = (
				74FF30791F5639C800195F71 /* Base */,
			);
			name = Main.storyboard;
			sourceTree = "<group>";
		};
		74FF307D1F5639C800195F71 /* LaunchScreen.storyboard */ = {
			isa = PBXVariantGroup;
			children = (
				74FF307E1F5639C800195F71 /* Base */,
			);
			name = LaunchScreen.storyboard;
			sourceTree = "<group>";
		};
/* End PBXVariantGroup section */

/* Begin XCBuildConfiguration section */
		74FF30971F5639C800195F71 /* Debug */ = {
			isa = XCBuildConfiguration;
			buildSettings = {
				ALWAYS_SEARCH_USER_PATHS = NO;
				CLANG_ANALYZER_NONNULL = YES;
				CLANG_ANALYZER_NUMBER_OBJECT_CONVERSION = YES_AGGRESSIVE;
				CLANG_CXX_LANGUAGE_STANDARD = "gnu++0x";
				CLANG_CXX_LIBRARY = "libc++";
				CLANG_ENABLE_MODULES = YES;
				CLANG_ENABLE_OBJC_ARC = YES;
				CLANG_WARN_BOOL_CONVERSION = YES;
				CLANG_WARN_CONSTANT_CONVERSION = YES;
				CLANG_WARN_DIRECT_OBJC_ISA_USAGE = YES_ERROR;
				CLANG_WARN_DOCUMENTATION_COMMENTS = YES;
				CLANG_WARN_EMPTY_BODY = YES;
				CLANG_WARN_ENUM_CONVERSION = YES;
				CLANG_WARN_INFINITE_RECURSION = YES;
				CLANG_WARN_INT_CONVERSION = YES;
				CLANG_WARN_OBJC_ROOT_CLASS = YES_ERROR;
				CLANG_WARN_SUSPICIOUS_MOVE = YES;
				CLANG_WARN_UNREACHABLE_CODE = YES;
				CLANG_WARN__DUPLICATE_METHOD_MATCH = YES;
				"CODE_SIGN_IDENTITY[sdk=iphoneos*]" = "iPhone Developer";
				COPY_PHASE_STRIP = NO;
				DEBUG_INFORMATION_FORMAT = dwarf;
				ENABLE_STRICT_OBJC_MSGSEND = YES;
				ENABLE_TESTABILITY = YES;
				GCC_C_LANGUAGE_STANDARD = gnu99;
				GCC_DYNAMIC_NO_PIC = NO;
				GCC_NO_COMMON_BLOCKS = YES;
				GCC_OPTIMIZATION_LEVEL = 0;
				GCC_PREPROCESSOR_DEFINITIONS = (
					"DEBUG=1",
					"$(inherited)",
				);
				GCC_WARN_64_TO_32_BIT_CONVERSION = YES;
				GCC_WARN_ABOUT_RETURN_TYPE = YES_ERROR;
				GCC_WARN_UNDECLARED_SELECTOR = YES;
				GCC_WARN_UNINITIALIZED_AUTOS = YES_AGGRESSIVE;
				GCC_WARN_UNUSED_FUNCTION = YES;
				GCC_WARN_UNUSED_VARIABLE = YES;
				IPHONEOS_DEPLOYMENT_TARGET = 10.3;
				MTL_ENABLE_DEBUG_INFO = YES;
				ONLY_ACTIVE_ARCH = YES;
				SDKROOT = iphoneos;
				SWIFT_ACTIVE_COMPILATION_CONDITIONS = DEBUG;
				SWIFT_OPTIMIZATION_LEVEL = "-Onone";
			};
			name = Debug;
		};
		74FF30981F5639C800195F71 /* Release */ = {
			isa = XCBuildConfiguration;
			buildSettings = {
				ALWAYS_SEARCH_USER_PATHS = NO;
				CLANG_ANALYZER_NONNULL = YES;
				CLANG_ANALYZER_NUMBER_OBJECT_CONVERSION = YES_AGGRESSIVE;
				CLANG_CXX_LANGUAGE_STANDARD = "gnu++0x";
				CLANG_CXX_LIBRARY = "libc++";
				CLANG_ENABLE_MODULES = YES;
				CLANG_ENABLE_OBJC_ARC = YES;
				CLANG_WARN_BOOL_CONVERSION = YES;
				CLANG_WARN_CONSTANT_CONVERSION = YES;
				CLANG_WARN_DIRECT_OBJC_ISA_USAGE = YES_ERROR;
				CLANG_WARN_DOCUMENTATION_COMMENTS = YES;
				CLANG_WARN_EMPTY_BODY = YES;
				CLANG_WARN_ENUM_CONVERSION = YES;
				CLANG_WARN_INFINITE_RECURSION = YES;
				CLANG_WARN_INT_CONVERSION = YES;
				CLANG_WARN_OBJC_ROOT_CLASS = YES_ERROR;
				CLANG_WARN_SUSPICIOUS_MOVE = YES;
				CLANG_WARN_UNREACHABLE_CODE = YES;
				CLANG_WARN__DUPLICATE_METHOD_MATCH = YES;
				"CODE_SIGN_IDENTITY[sdk=iphoneos*]" = "iPhone Developer";
				COPY_PHASE_STRIP = NO;
				DEBUG_INFORMATION_FORMAT = "dwarf-with-dsym";
				ENABLE_NS_ASSERTIONS = NO;
				ENABLE_STRICT_OBJC_MSGSEND = YES;
				GCC_C_LANGUAGE_STANDARD = gnu99;
				GCC_NO_COMMON_BLOCKS = YES;
				GCC_WARN_64_TO_32_BIT_CONVERSION = YES;
				GCC_WARN_ABOUT_RETURN_TYPE = YES_ERROR;
				GCC_WARN_UNDECLARED_SELECTOR = YES;
				GCC_WARN_UNINITIALIZED_AUTOS = YES_AGGRESSIVE;
				GCC_WARN_UNUSED_FUNCTION = YES;
				GCC_WARN_UNUSED_VARIABLE = YES;
				IPHONEOS_DEPLOYMENT_TARGET = 10.3;
				MTL_ENABLE_DEBUG_INFO = NO;
				SDKROOT = iphoneos;
				SWIFT_OPTIMIZATION_LEVEL = "-Owholemodule";
				VALIDATE_PRODUCT = YES;
			};
			name = Release;
		};
		74FF309A1F5639C800195F71 /* Debug */ = {
			isa = XCBuildConfiguration;
			buildSettings = {
				ASSETCATALOG_COMPILER_APPICON_NAME = AppIcon;
				DEVELOPMENT_TEAM = F3VV4SD4LV;
				INFOPLIST_FILE = Linio/Info.plist;
				IPHONEOS_DEPLOYMENT_TARGET = 9.1;
				LD_RUNPATH_SEARCH_PATHS = "$(inherited) @executable_path/Frameworks";
				PRODUCT_BUNDLE_IDENTIFIER = siker.space.Linio;
				PRODUCT_NAME = "$(TARGET_NAME)";
				SWIFT_VERSION = 3.0;
			};
			name = Debug;
		};
		74FF309B1F5639C800195F71 /* Release */ = {
			isa = XCBuildConfiguration;
			buildSettings = {
				ASSETCATALOG_COMPILER_APPICON_NAME = AppIcon;
				DEVELOPMENT_TEAM = F3VV4SD4LV;
				INFOPLIST_FILE = Linio/Info.plist;
				IPHONEOS_DEPLOYMENT_TARGET = 9.1;
				LD_RUNPATH_SEARCH_PATHS = "$(inherited) @executable_path/Frameworks";
				PRODUCT_BUNDLE_IDENTIFIER = siker.space.Linio;
				PRODUCT_NAME = "$(TARGET_NAME)";
				SWIFT_VERSION = 3.0;
			};
			name = Release;
		};
		74FF309D1F5639C800195F71 /* Debug */ = {
			isa = XCBuildConfiguration;
			buildSettings = {
				ALWAYS_EMBED_SWIFT_STANDARD_LIBRARIES = YES;
				BUNDLE_LOADER = "$(TEST_HOST)";
				DEVELOPMENT_TEAM = F3VV4SD4LV;
				INFOPLIST_FILE = LinioTests/Info.plist;
				LD_RUNPATH_SEARCH_PATHS = "$(inherited) @executable_path/Frameworks @loader_path/Frameworks";
				PRODUCT_BUNDLE_IDENTIFIER = siker.space.LinioTests;
				PRODUCT_NAME = "$(TARGET_NAME)";
				SWIFT_VERSION = 3.0;
				TEST_HOST = "$(BUILT_PRODUCTS_DIR)/Linio.app/Linio";
			};
			name = Debug;
		};
		74FF309E1F5639C800195F71 /* Release */ = {
			isa = XCBuildConfiguration;
			buildSettings = {
				ALWAYS_EMBED_SWIFT_STANDARD_LIBRARIES = YES;
				BUNDLE_LOADER = "$(TEST_HOST)";
				DEVELOPMENT_TEAM = F3VV4SD4LV;
				INFOPLIST_FILE = LinioTests/Info.plist;
				LD_RUNPATH_SEARCH_PATHS = "$(inherited) @executable_path/Frameworks @loader_path/Frameworks";
				PRODUCT_BUNDLE_IDENTIFIER = siker.space.LinioTests;
				PRODUCT_NAME = "$(TARGET_NAME)";
				SWIFT_VERSION = 3.0;
				TEST_HOST = "$(BUILT_PRODUCTS_DIR)/Linio.app/Linio";
			};
			name = Release;
		};
		74FF30A01F5639C800195F71 /* Debug */ = {
			isa = XCBuildConfiguration;
			buildSettings = {
				ALWAYS_EMBED_SWIFT_STANDARD_LIBRARIES = YES;
				DEVELOPMENT_TEAM = F3VV4SD4LV;
				INFOPLIST_FILE = LinioUITests/Info.plist;
				LD_RUNPATH_SEARCH_PATHS = "$(inherited) @executable_path/Frameworks @loader_path/Frameworks";
				PRODUCT_BUNDLE_IDENTIFIER = siker.space.LinioUITests;
				PRODUCT_NAME = "$(TARGET_NAME)";
				SWIFT_VERSION = 3.0;
				TEST_TARGET_NAME = Linio;
			};
			name = Debug;
		};
		74FF30A11F5639C800195F71 /* Release */ = {
			isa = XCBuildConfiguration;
			buildSettings = {
				ALWAYS_EMBED_SWIFT_STANDARD_LIBRARIES = YES;
				DEVELOPMENT_TEAM = F3VV4SD4LV;
				INFOPLIST_FILE = LinioUITests/Info.plist;
				LD_RUNPATH_SEARCH_PATHS = "$(inherited) @executable_path/Frameworks @loader_path/Frameworks";
				PRODUCT_BUNDLE_IDENTIFIER = siker.space.LinioUITests;
				PRODUCT_NAME = "$(TARGET_NAME)";
				SWIFT_VERSION = 3.0;
				TEST_TARGET_NAME = Linio;
			};
			name = Release;
		};
/* End XCBuildConfiguration section */

/* Begin XCConfigurationList section */
		74FF306C1F5639C800195F71 /* Build configuration list for PBXProject "Linio" */ = {
			isa = XCConfigurationList;
			buildConfigurations = (
				74FF30971F5639C800195F71 /* Debug */,
				74FF30981F5639C800195F71 /* Release */,
			);
			defaultConfigurationIsVisible = 0;
			defaultConfigurationName = Release;
		};
		74FF30991F5639C800195F71 /* Build configuration list for PBXNativeTarget "Linio" */ = {
			isa = XCConfigurationList;
			buildConfigurations = (
				74FF309A1F5639C800195F71 /* Debug */,
				74FF309B1F5639C800195F71 /* Release */,
			);
			defaultConfigurationIsVisible = 0;
		};
		74FF309C1F5639C800195F71 /* Build configuration list for PBXNativeTarget "LinioTests" */ = {
			isa = XCConfigurationList;
			buildConfigurations = (
				74FF309D1F5639C800195F71 /* Debug */,
				74FF309E1F5639C800195F71 /* Release */,
			);
			defaultConfigurationIsVisible = 0;
		};
		74FF309F1F5639C800195F71 /* Build configuration list for PBXNativeTarget "LinioUITests" */ = {
			isa = XCConfigurationList;
			buildConfigurations = (
				74FF30A01F5639C800195F71 /* Debug */,
				74FF30A11F5639C800195F71 /* Release */,
			);
			defaultConfigurationIsVisible = 0;
		};
/* End XCConfigurationList section */
	};
	rootObject = 74FF30691F5639C800195F71 /* Project object */;
}
